
Microsoft Visual Studio Solution File, Format Version 12.00
# Visual Studio Version 17
VisualStudioVersion = 17.7.34202.233
MinimumVisualStudioVersion = 10.0.40219.1
Project("{FAE04EC0-301F-11D3-BF4B-00C04F79EFBC}") = "01.PowerOfNumber", "01.PowerOfNumber\01.PowerOfNumber.csproj", "{7A444EFB-EA59-4CD9-9A16-7046E9B00103}"
EndProject
Project("{FAE04EC0-301F-11D3-BF4B-00C04F79EFBC}") = "02.MultiplicationTable", "02.MultiplicationTable\02.MultiplicationTable.csproj", "{D2AFE066-CA5F-4FFF-AECF-A1EF91E0CFC0}"
EndProject
Project("{FAE04EC0-301F-11D3-BF4B-00C04F79EFBC}") = "03.BiggestNumber", "03.BiggestNumber\03.BiggestNumber.csproj", "{A154C167-184F-4F0E-9A4D-48A6BD5066FC}"
EndProject
Project("{FAE04EC0-301F-11D3-BF4B-00C04F79EFBC}") = "04.VowelSum", "04.VowelSum\04.VowelSum.csproj", "{1F650269-45A8-4E9A-ADB9-A99288494050}"
EndProject
Project("{FAE04EC0-301F-11D3-BF4B-00C04F79EFBC}") = "05.DivisionTo2,3,4", "05.DivisionTo2,3,4\05.DivisionTo2,3,4.csproj", "{0623A4DB-D313-43DA-91EB-BE301D08CFB3}"
EndProject
Project("{FAE04EC0-301F-11D3-BF4B-00C04F79EFBC}") = "06.SpecialNumber", "06.SpecialNumber\06.SpecialNumber.csproj", "{AB524056-AE9E-42AB-90FA-BDAA30AD508C}"
EndProject
Project("{FAE04EC0-301F-11D3-BF4B-00C04F79EFBC}") = "07.SpecialBonus", "07.SpecialBonus\07.SpecialBonus.csproj", "{AE9B18C7-E714-4EB4-A3EC-D28F31CD1166}"
EndProject
Project("{FAE04EC0-301F-11D3-BF4B-00C04F79EFBC}") = "08.AccountBalance", "08.AccountBalance\08.AccountBalance.csproj", "{904585A6-593F-4588-9A8C-68CA19508C76}"
EndProject
Global
	GlobalSection(SolutionConfigurationPlatforms) = preSolution
		Debug|Any CPU = Debug|Any CPU
		Release|Any CPU = Release|Any CPU
	EndGlobalSection
	GlobalSection(ProjectConfigurationPlatforms) = postSolution
		{7A444EFB-EA59-4CD9-9A16-7046E9B00103}.Debug|Any CPU.ActiveCfg = Debug|Any CPU
		{7A444EFB-EA59-4CD9-9A16-7046E9B00103}.Debug|Any CPU.Build.0 = Debug|Any CPU
		{7A444EFB-EA59-4CD9-9A16-7046E9B00103}.Release|Any CPU.ActiveCfg = Release|Any CPU
		{7A444EFB-EA59-4CD9-9A16-7046E9B00103}.Release|Any CPU.Build.0 = Release|Any CPU
		{D2AFE066-CA5F-4FFF-AECF-A1EF91E0CFC0}.Debug|Any CPU.ActiveCfg = Debug|Any CPU
		{D2AFE066-CA5F-4FFF-AECF-A1EF91E0CFC0}.Debug|Any CPU.Build.0 = Debug|Any CPU
		{D2AFE066-CA5F-4FFF-AECF-A1EF91E0CFC0}.Release|Any CPU.ActiveCfg = Release|Any CPU
		{D2AFE066-CA5F-4FFF-AECF-A1EF91E0CFC0}.Release|Any CPU.Build.0 = Release|Any CPU
		{A154C167-184F-4F0E-9A4D-48A6BD5066FC}.Debug|Any CPU.ActiveCfg = Debug|Any CPU
		{A154C167-184F-4F0E-9A4D-48A6BD5066FC}.Debug|Any CPU.Build.0 = Debug|Any CPU
		{A154C167-184F-4F0E-9A4D-48A6BD5066FC}.Release|Any CPU.ActiveCfg = Release|Any CPU
		{A154C167-184F-4F0E-9A4D-48A6BD5066FC}.Release|Any CPU.Build.0 = Release|Any CPU
		{1F650269-45A8-4E9A-ADB9-A99288494050}.Debug|Any CPU.ActiveCfg = Debug|Any CPU
		{1F650269-45A8-4E9A-ADB9-A99288494050}.Debug|Any CPU.Build.0 = Debug|Any CPU
		{1F650269-45A8-4E9A-ADB9-A99288494050}.Release|Any CPU.ActiveCfg = Release|Any CPU
		{1F650269-45A8-4E9A-ADB9-A99288494050}.Release|Any CPU.Build.0 = Release|Any CPU
		{0623A4DB-D313-43DA-91EB-BE301D08CFB3}.Debug|Any CPU.ActiveCfg = Debug|Any CPU
		{0623A4DB-D313-43DA-91EB-BE301D08CFB3}.Debug|Any CPU.Build.0 = Debug|Any CPU
		{0623A4DB-D313-43DA-91EB-BE301D08CFB3}.Release|Any CPU.ActiveCfg = Release|Any CPU
		{0623A4DB-D313-43DA-91EB-BE301D08CFB3}.Release|Any CPU.Build.0 = Release|Any CPU
		{AB524056-AE9E-42AB-90FA-BDAA30AD508C}.Debug|Any CPU.ActiveCfg = Debug|Any CPU
		{AB524056-AE9E-42AB-90FA-BDAA30AD508C}.Debug|Any CPU.Build.0 = Debug|Any CPU
		{AB524056-AE9E-42AB-90FA-BDAA30AD508C}.Release|Any CPU.ActiveCfg = Release|Any CPU
		{AB524056-AE9E-42AB-90FA-BDAA30AD508C}.Release|Any CPU.Build.0 = Release|Any CPU
		{AE9B18C7-E714-4EB4-A3EC-D28F31CD1166}.Debug|Any CPU.ActiveCfg = Debug|Any CPU
		{AE9B18C7-E714-4EB4-A3EC-D28F31CD1166}.Debug|Any CPU.Build.0 = Debug|Any CPU
		{AE9B18C7-E714-4EB4-A3EC-D28F31CD1166}.Release|Any CPU.ActiveCfg = Release|Any CPU
		{AE9B18C7-E714-4EB4-A3EC-D28F31CD1166}.Release|Any CPU.Build.0 = Release|Any CPU
		{904585A6-593F-4588-9A8C-68CA19508C76}.Debug|Any CPU.ActiveCfg = Debug|Any CPU
		{904585A6-593F-4588-9A8C-68CA19508C76}.Debug|Any CPU.Build.0 = Debug|Any CPU
		{904585A6-593F-4588-9A8C-68CA19508C76}.Release|Any CPU.ActiveCfg = Release|Any CPU
		{904585A6-593F-4588-9A8C-68CA19508C76}.Release|Any CPU.Build.0 = Release|Any CPU
	EndGlobalSection
	GlobalSection(SolutionProperties) = preSolution
		HideSolutionNode = FALSE
	EndGlobalSection
	GlobalSection(ExtensibilityGlobals) = postSolution
		SolutionGuid = {1E9FCDDC-5DCB-4CC1-865F-089C0B862882}
	EndGlobalSection
EndGlobal
