
Microsoft Visual Studio Solution File, Format Version 12.00
# Visual Studio Version 17
VisualStudioVersion = 17.7.34202.233
MinimumVisualStudioVersion = 10.0.40219.1
Project("{FAE04EC0-301F-11D3-BF4B-00C04F79EFBC}") = "01.Songs", "01.Songs\01.Songs.csproj", "{EE367A4E-F9F6-45A7-B209-F761EB3F7381}"
EndProject
Project("{FAE04EC0-301F-11D3-BF4B-00C04F79EFBC}") = "02.Students", "02.Students\02.Students.csproj", "{AFB331D7-73A9-4DC7-A625-7713942C50A5}"
EndProject
Project("{FAE04EC0-301F-11D3-BF4B-00C04F79EFBC}") = "03.Store Boxes", "03.Store Boxes\03.Store Boxes.csproj", "{51849EDB-D3BD-4B88-8E04-66E50F14EA97}"
EndProject
Global
	GlobalSection(SolutionConfigurationPlatforms) = preSolution
		Debug|Any CPU = Debug|Any CPU
		Release|Any CPU = Release|Any CPU
	EndGlobalSection
	GlobalSection(ProjectConfigurationPlatforms) = postSolution
		{EE367A4E-F9F6-45A7-B209-F761EB3F7381}.Debug|Any CPU.ActiveCfg = Debug|Any CPU
		{EE367A4E-F9F6-45A7-B209-F761EB3F7381}.Debug|Any CPU.Build.0 = Debug|Any CPU
		{EE367A4E-F9F6-45A7-B209-F761EB3F7381}.Release|Any CPU.ActiveCfg = Release|Any CPU
		{EE367A4E-F9F6-45A7-B209-F761EB3F7381}.Release|Any CPU.Build.0 = Release|Any CPU
		{AFB331D7-73A9-4DC7-A625-7713942C50A5}.Debug|Any CPU.ActiveCfg = Debug|Any CPU
		{AFB331D7-73A9-4DC7-A625-7713942C50A5}.Debug|Any CPU.Build.0 = Debug|Any CPU
		{AFB331D7-73A9-4DC7-A625-7713942C50A5}.Release|Any CPU.ActiveCfg = Release|Any CPU
		{AFB331D7-73A9-4DC7-A625-7713942C50A5}.Release|Any CPU.Build.0 = Release|Any CPU
		{51849EDB-D3BD-4B88-8E04-66E50F14EA97}.Debug|Any CPU.ActiveCfg = Debug|Any CPU
		{51849EDB-D3BD-4B88-8E04-66E50F14EA97}.Debug|Any CPU.Build.0 = Debug|Any CPU
		{51849EDB-D3BD-4B88-8E04-66E50F14EA97}.Release|Any CPU.ActiveCfg = Release|Any CPU
		{51849EDB-D3BD-4B88-8E04-66E50F14EA97}.Release|Any CPU.Build.0 = Release|Any CPU
	EndGlobalSection
	GlobalSection(SolutionProperties) = preSolution
		HideSolutionNode = FALSE
	EndGlobalSection
	GlobalSection(ExtensibilityGlobals) = postSolution
		SolutionGuid = {3C05BC29-025E-4FF2-A13E-3EA4ACA45C5E}
	EndGlobalSection
EndGlobal
