
Microsoft Visual Studio Solution File, Format Version 12.00
# Visual Studio Version 17
VisualStudioVersion = 17.7.34202.233
MinimumVisualStudioVersion = 10.0.40219.1
Project("{FAE04EC0-301F-11D3-BF4B-00C04F79EFBC}") = "01.Students", "01.Students\01.Students.csproj", "{08515F43-D319-40A2-8641-28C13F2FA564}"
EndProject
Project("{FAE04EC0-301F-11D3-BF4B-00C04F79EFBC}") = "02.Articles", "02.Articles\02.Articles.csproj", "{484F4EB4-3068-4253-A3A7-D1F24E8D82AD}"
EndProject
Global
	GlobalSection(SolutionConfigurationPlatforms) = preSolution
		Debug|Any CPU = Debug|Any CPU
		Release|Any CPU = Release|Any CPU
	EndGlobalSection
	GlobalSection(ProjectConfigurationPlatforms) = postSolution
		{08515F43-D319-40A2-8641-28C13F2FA564}.Debug|Any CPU.ActiveCfg = Debug|Any CPU
		{08515F43-D319-40A2-8641-28C13F2FA564}.Debug|Any CPU.Build.0 = Debug|Any CPU
		{08515F43-D319-40A2-8641-28C13F2FA564}.Release|Any CPU.ActiveCfg = Release|Any CPU
		{08515F43-D319-40A2-8641-28C13F2FA564}.Release|Any CPU.Build.0 = Release|Any CPU
		{484F4EB4-3068-4253-A3A7-D1F24E8D82AD}.Debug|Any CPU.ActiveCfg = Debug|Any CPU
		{484F4EB4-3068-4253-A3A7-D1F24E8D82AD}.Debug|Any CPU.Build.0 = Debug|Any CPU
		{484F4EB4-3068-4253-A3A7-D1F24E8D82AD}.Release|Any CPU.ActiveCfg = Release|Any CPU
		{484F4EB4-3068-4253-A3A7-D1F24E8D82AD}.Release|Any CPU.Build.0 = Release|Any CPU
	EndGlobalSection
	GlobalSection(SolutionProperties) = preSolution
		HideSolutionNode = FALSE
	EndGlobalSection
	GlobalSection(ExtensibilityGlobals) = postSolution
		SolutionGuid = {D6478459-B22F-41B5-A599-B6A4A2608CF5}
	EndGlobalSection
EndGlobal
