
Microsoft Visual Studio Solution File, Format Version 12.00
# Visual Studio Version 17
VisualStudioVersion = 17.7.34202.233
MinimumVisualStudioVersion = 10.0.40219.1
Project("{9A19103F-16F7-4668-BE54-9A1E7A4F7556}") = "01.NumberType", "01.NumberType\01.NumberType.csproj", "{7CA1DE5C-7165-4D5F-B420-BD1E3598CAC1}"
EndProject
Project("{9A19103F-16F7-4668-BE54-9A1E7A4F7556}") = "02.ATM", "02.ATM\02.ATM.csproj", "{94F32DAB-9B20-4F3D-BE75-5BA1EF887925}"
EndProject
Project("{9A19103F-16F7-4668-BE54-9A1E7A4F7556}") = "03.BiggestOfFiveNumbers", "BiggestOfFiveNumbers\03.BiggestOfFiveNumbers.csproj", "{7203B690-0239-4A48-AB94-BD00E1BAD0CA}"
EndProject
Project("{9A19103F-16F7-4668-BE54-9A1E7A4F7556}") = "04.NumberOperations", "04.NumberOperations\04.NumberOperations.csproj", "{7440FFE8-5760-488C-9C05-E2169578B3B8}"
EndProject
Project("{9A19103F-16F7-4668-BE54-9A1E7A4F7556}") = "06.ProductOfThreeNumbers", "06.ProductOfThreeNumbers\06.ProductOfThreeNumbers.csproj", "{3C2DFD1A-4FB8-4F0B-9883-293C34DA0000}"
EndProject
Project("{FAE04EC0-301F-11D3-BF4B-00C04F79EFBC}") = "05.Vacation Expences", "05.Vacation Expences\05.Vacation Expences.csproj", "{EFAD5EB2-3B07-4B82-A3CB-19DFD0F4BDF3}"
EndProject
Global
	GlobalSection(SolutionConfigurationPlatforms) = preSolution
		Debug|Any CPU = Debug|Any CPU
		Release|Any CPU = Release|Any CPU
	EndGlobalSection
	GlobalSection(ProjectConfigurationPlatforms) = postSolution
		{7CA1DE5C-7165-4D5F-B420-BD1E3598CAC1}.Debug|Any CPU.ActiveCfg = Debug|Any CPU
		{7CA1DE5C-7165-4D5F-B420-BD1E3598CAC1}.Debug|Any CPU.Build.0 = Debug|Any CPU
		{7CA1DE5C-7165-4D5F-B420-BD1E3598CAC1}.Release|Any CPU.ActiveCfg = Release|Any CPU
		{7CA1DE5C-7165-4D5F-B420-BD1E3598CAC1}.Release|Any CPU.Build.0 = Release|Any CPU
		{94F32DAB-9B20-4F3D-BE75-5BA1EF887925}.Debug|Any CPU.ActiveCfg = Debug|Any CPU
		{94F32DAB-9B20-4F3D-BE75-5BA1EF887925}.Debug|Any CPU.Build.0 = Debug|Any CPU
		{94F32DAB-9B20-4F3D-BE75-5BA1EF887925}.Release|Any CPU.ActiveCfg = Release|Any CPU
		{94F32DAB-9B20-4F3D-BE75-5BA1EF887925}.Release|Any CPU.Build.0 = Release|Any CPU
		{7203B690-0239-4A48-AB94-BD00E1BAD0CA}.Debug|Any CPU.ActiveCfg = Debug|Any CPU
		{7203B690-0239-4A48-AB94-BD00E1BAD0CA}.Debug|Any CPU.Build.0 = Debug|Any CPU
		{7203B690-0239-4A48-AB94-BD00E1BAD0CA}.Release|Any CPU.ActiveCfg = Release|Any CPU
		{7203B690-0239-4A48-AB94-BD00E1BAD0CA}.Release|Any CPU.Build.0 = Release|Any CPU
		{7440FFE8-5760-488C-9C05-E2169578B3B8}.Debug|Any CPU.ActiveCfg = Debug|Any CPU
		{7440FFE8-5760-488C-9C05-E2169578B3B8}.Debug|Any CPU.Build.0 = Debug|Any CPU
		{7440FFE8-5760-488C-9C05-E2169578B3B8}.Release|Any CPU.ActiveCfg = Release|Any CPU
		{7440FFE8-5760-488C-9C05-E2169578B3B8}.Release|Any CPU.Build.0 = Release|Any CPU
		{3C2DFD1A-4FB8-4F0B-9883-293C34DA0000}.Debug|Any CPU.ActiveCfg = Debug|Any CPU
		{3C2DFD1A-4FB8-4F0B-9883-293C34DA0000}.Debug|Any CPU.Build.0 = Debug|Any CPU
		{3C2DFD1A-4FB8-4F0B-9883-293C34DA0000}.Release|Any CPU.ActiveCfg = Release|Any CPU
		{3C2DFD1A-4FB8-4F0B-9883-293C34DA0000}.Release|Any CPU.Build.0 = Release|Any CPU
		{EFAD5EB2-3B07-4B82-A3CB-19DFD0F4BDF3}.Debug|Any CPU.ActiveCfg = Debug|Any CPU
		{EFAD5EB2-3B07-4B82-A3CB-19DFD0F4BDF3}.Debug|Any CPU.Build.0 = Debug|Any CPU
		{EFAD5EB2-3B07-4B82-A3CB-19DFD0F4BDF3}.Release|Any CPU.ActiveCfg = Release|Any CPU
		{EFAD5EB2-3B07-4B82-A3CB-19DFD0F4BDF3}.Release|Any CPU.Build.0 = Release|Any CPU
	EndGlobalSection
	GlobalSection(SolutionProperties) = preSolution
		HideSolutionNode = FALSE
	EndGlobalSection
	GlobalSection(ExtensibilityGlobals) = postSolution
		SolutionGuid = {8E2869F8-BDF4-45C0-95DE-D0968B606025}
	EndGlobalSection
EndGlobal
